
Microsoft Visual Studio Solution File, Format Version 12.00
# Visual Studio 15
VisualStudioVersion = 15.0.28307.421
MinimumVisualStudioVersion = 10.0.40219.1
Project("{8BC9CEB8-8B4A-11D0-8D11-00A0C91BC942}") = "Ch8", "Ch8\Ch8.vcxproj", "{91274B55-CC54-490F-AC8C-1A5622C838CC}"
EndProject
Global
	GlobalSection(SolutionConfigurationPlatforms) = preSolution
		Debug|x64 = Debug|x64
		Debug|x86 = Debug|x86
		Release|x64 = Release|x64
		Release|x86 = Release|x86
	EndGlobalSection
	GlobalSection(ProjectConfigurationPlatforms) = postSolution
		{91274B55-CC54-490F-AC8C-1A5622C838CC}.Debug|x64.ActiveCfg = Debug|x64
		{91274B55-CC54-490F-AC8C-1A5622C838CC}.Debug|x64.Build.0 = Debug|x64
		{91274B55-CC54-490F-AC8C-1A5622C838CC}.Debug|x86.ActiveCfg = Debug|Win32
		{91274B55-CC54-490F-AC8C-1A5622C838CC}.Debug|x86.Build.0 = Debug|Win32
		{91274B55-CC54-490F-AC8C-1A5622C838CC}.Release|x64.ActiveCfg = Release|x64
		{91274B55-CC54-490F-AC8C-1A5622C838CC}.Release|x64.Build.0 = Release|x64
		{91274B55-CC54-490F-AC8C-1A5622C838CC}.Release|x86.ActiveCfg = Release|Win32
		{91274B55-CC54-490F-AC8C-1A5622C838CC}.Release|x86.Build.0 = Release|Win32
	EndGlobalSection
	GlobalSection(SolutionProperties) = preSolution
		HideSolutionNode = FALSE
	EndGlobalSection
	GlobalSection(ExtensibilityGlobals) = postSolution
		SolutionGuid = {4A194A1A-E19E-4DD4-9BBF-DCFE7384A358}
	EndGlobalSection
EndGlobal
