
Microsoft Visual Studio Solution File, Format Version 12.00
# Visual Studio 15
VisualStudioVersion = 15.0.28307.421
MinimumVisualStudioVersion = 10.0.40219.1
Project("{8BC9CEB8-8B4A-11D0-8D11-00A0C91BC942}") = "7장 실습", "7장 실습\7장 실습.vcxproj", "{E010DC02-78F9-4E4E-8CAE-A9E47A061E5E}"
EndProject
Global
	GlobalSection(SolutionConfigurationPlatforms) = preSolution
		Debug|x64 = Debug|x64
		Debug|x86 = Debug|x86
		Release|x64 = Release|x64
		Release|x86 = Release|x86
	EndGlobalSection
	GlobalSection(ProjectConfigurationPlatforms) = postSolution
		{E010DC02-78F9-4E4E-8CAE-A9E47A061E5E}.Debug|x64.ActiveCfg = Debug|x64
		{E010DC02-78F9-4E4E-8CAE-A9E47A061E5E}.Debug|x64.Build.0 = Debug|x64
		{E010DC02-78F9-4E4E-8CAE-A9E47A061E5E}.Debug|x86.ActiveCfg = Debug|Win32
		{E010DC02-78F9-4E4E-8CAE-A9E47A061E5E}.Debug|x86.Build.0 = Debug|Win32
		{E010DC02-78F9-4E4E-8CAE-A9E47A061E5E}.Release|x64.ActiveCfg = Release|x64
		{E010DC02-78F9-4E4E-8CAE-A9E47A061E5E}.Release|x64.Build.0 = Release|x64
		{E010DC02-78F9-4E4E-8CAE-A9E47A061E5E}.Release|x86.ActiveCfg = Release|Win32
		{E010DC02-78F9-4E4E-8CAE-A9E47A061E5E}.Release|x86.Build.0 = Release|Win32
	EndGlobalSection
	GlobalSection(SolutionProperties) = preSolution
		HideSolutionNode = FALSE
	EndGlobalSection
	GlobalSection(ExtensibilityGlobals) = postSolution
		SolutionGuid = {7528115E-977E-4D2C-B394-0B3599C0E631}
	EndGlobalSection
EndGlobal
