
Microsoft Visual Studio Solution File, Format Version 12.00
# Visual Studio 15
VisualStudioVersion = 15.0.28307.421
MinimumVisualStudioVersion = 10.0.40219.1
Project("{8BC9CEB8-8B4A-11D0-8D11-00A0C91BC942}") = "Data Structure", "Data Structure\Data Structure.vcxproj", "{03CFDBFE-722D-4D9F-A717-72F4A2ACA55C}"
EndProject
Project("{8BC9CEB8-8B4A-11D0-8D11-00A0C91BC942}") = "2019270615_신희종_기말대체", "2019270615_신희종_기말대체\2019270615_신희종_기말대체.vcxproj", "{D5345582-70B2-4C00-ACF3-1A74BC5DEB6B}"
EndProject
Global
	GlobalSection(SolutionConfigurationPlatforms) = preSolution
		Debug|x64 = Debug|x64
		Debug|x86 = Debug|x86
		Release|x64 = Release|x64
		Release|x86 = Release|x86
	EndGlobalSection
	GlobalSection(ProjectConfigurationPlatforms) = postSolution
		{03CFDBFE-722D-4D9F-A717-72F4A2ACA55C}.Debug|x64.ActiveCfg = Debug|x64
		{03CFDBFE-722D-4D9F-A717-72F4A2ACA55C}.Debug|x64.Build.0 = Debug|x64
		{03CFDBFE-722D-4D9F-A717-72F4A2ACA55C}.Debug|x86.ActiveCfg = Debug|Win32
		{03CFDBFE-722D-4D9F-A717-72F4A2ACA55C}.Debug|x86.Build.0 = Debug|Win32
		{03CFDBFE-722D-4D9F-A717-72F4A2ACA55C}.Release|x64.ActiveCfg = Release|x64
		{03CFDBFE-722D-4D9F-A717-72F4A2ACA55C}.Release|x64.Build.0 = Release|x64
		{03CFDBFE-722D-4D9F-A717-72F4A2ACA55C}.Release|x86.ActiveCfg = Release|Win32
		{03CFDBFE-722D-4D9F-A717-72F4A2ACA55C}.Release|x86.Build.0 = Release|Win32
		{D5345582-70B2-4C00-ACF3-1A74BC5DEB6B}.Debug|x64.ActiveCfg = Debug|x64
		{D5345582-70B2-4C00-ACF3-1A74BC5DEB6B}.Debug|x64.Build.0 = Debug|x64
		{D5345582-70B2-4C00-ACF3-1A74BC5DEB6B}.Debug|x86.ActiveCfg = Debug|Win32
		{D5345582-70B2-4C00-ACF3-1A74BC5DEB6B}.Debug|x86.Build.0 = Debug|Win32
		{D5345582-70B2-4C00-ACF3-1A74BC5DEB6B}.Release|x64.ActiveCfg = Release|x64
		{D5345582-70B2-4C00-ACF3-1A74BC5DEB6B}.Release|x64.Build.0 = Release|x64
		{D5345582-70B2-4C00-ACF3-1A74BC5DEB6B}.Release|x86.ActiveCfg = Release|Win32
		{D5345582-70B2-4C00-ACF3-1A74BC5DEB6B}.Release|x86.Build.0 = Release|Win32
	EndGlobalSection
	GlobalSection(SolutionProperties) = preSolution
		HideSolutionNode = FALSE
	EndGlobalSection
	GlobalSection(ExtensibilityGlobals) = postSolution
		SolutionGuid = {EFE8603E-759E-4D6C-BD3C-638E0F81AEA1}
	EndGlobalSection
EndGlobal
