
Microsoft Visual Studio Solution File, Format Version 12.00
# Visual Studio 15
VisualStudioVersion = 15.0.28307.421
MinimumVisualStudioVersion = 10.0.40219.1
Project("{8BC9CEB8-8B4A-11D0-8D11-00A0C91BC942}") = "bj1.c", "bj1.c\bj1.c.vcxproj", "{32D5E4A7-CC03-468E-9C44-1E40918D7960}"
EndProject
Global
	GlobalSection(SolutionConfigurationPlatforms) = preSolution
		Debug|x64 = Debug|x64
		Debug|x86 = Debug|x86
		Release|x64 = Release|x64
		Release|x86 = Release|x86
	EndGlobalSection
	GlobalSection(ProjectConfigurationPlatforms) = postSolution
		{32D5E4A7-CC03-468E-9C44-1E40918D7960}.Debug|x64.ActiveCfg = Debug|x64
		{32D5E4A7-CC03-468E-9C44-1E40918D7960}.Debug|x64.Build.0 = Debug|x64
		{32D5E4A7-CC03-468E-9C44-1E40918D7960}.Debug|x86.ActiveCfg = Debug|Win32
		{32D5E4A7-CC03-468E-9C44-1E40918D7960}.Debug|x86.Build.0 = Debug|Win32
		{32D5E4A7-CC03-468E-9C44-1E40918D7960}.Release|x64.ActiveCfg = Release|x64
		{32D5E4A7-CC03-468E-9C44-1E40918D7960}.Release|x64.Build.0 = Release|x64
		{32D5E4A7-CC03-468E-9C44-1E40918D7960}.Release|x86.ActiveCfg = Release|Win32
		{32D5E4A7-CC03-468E-9C44-1E40918D7960}.Release|x86.Build.0 = Release|Win32
	EndGlobalSection
	GlobalSection(SolutionProperties) = preSolution
		HideSolutionNode = FALSE
	EndGlobalSection
	GlobalSection(ExtensibilityGlobals) = postSolution
		SolutionGuid = {18DF285B-85D4-46FE-AEBD-EF1AA9782DEF}
	EndGlobalSection
EndGlobal
