
Microsoft Visual Studio Solution File, Format Version 12.00
# Visual Studio 15
VisualStudioVersion = 15.0.28307.421
MinimumVisualStudioVersion = 10.0.40219.1
Project("{8BC9CEB8-8B4A-11D0-8D11-00A0C91BC942}") = "4장 실습", "4장 실습\4장 실습.vcxproj", "{5F9F1DDF-4CA3-4F0E-A185-6687F2F2B8AF}"
EndProject
Global
	GlobalSection(SolutionConfigurationPlatforms) = preSolution
		Debug|x64 = Debug|x64
		Debug|x86 = Debug|x86
		Release|x64 = Release|x64
		Release|x86 = Release|x86
	EndGlobalSection
	GlobalSection(ProjectConfigurationPlatforms) = postSolution
		{5F9F1DDF-4CA3-4F0E-A185-6687F2F2B8AF}.Debug|x64.ActiveCfg = Debug|x64
		{5F9F1DDF-4CA3-4F0E-A185-6687F2F2B8AF}.Debug|x64.Build.0 = Debug|x64
		{5F9F1DDF-4CA3-4F0E-A185-6687F2F2B8AF}.Debug|x86.ActiveCfg = Debug|Win32
		{5F9F1DDF-4CA3-4F0E-A185-6687F2F2B8AF}.Debug|x86.Build.0 = Debug|Win32
		{5F9F1DDF-4CA3-4F0E-A185-6687F2F2B8AF}.Release|x64.ActiveCfg = Release|x64
		{5F9F1DDF-4CA3-4F0E-A185-6687F2F2B8AF}.Release|x64.Build.0 = Release|x64
		{5F9F1DDF-4CA3-4F0E-A185-6687F2F2B8AF}.Release|x86.ActiveCfg = Release|Win32
		{5F9F1DDF-4CA3-4F0E-A185-6687F2F2B8AF}.Release|x86.Build.0 = Release|Win32
	EndGlobalSection
	GlobalSection(SolutionProperties) = preSolution
		HideSolutionNode = FALSE
	EndGlobalSection
	GlobalSection(ExtensibilityGlobals) = postSolution
		SolutionGuid = {FB452A1E-8BB9-49A0-AD09-91C45C0C825B}
	EndGlobalSection
EndGlobal
